
Microsoft Visual Studio Solution File, Format Version 12.00
# Visual Studio Version 17
VisualStudioVersion = 17.1.32210.238
MinimumVisualStudioVersion = 10.0.40219.1
Project("{FAE04EC0-301F-11D3-BF4B-00C04F79EFBC}") = "PrefinalDeBartolomeoFerniot", "PrefinalDeBartolomeoFerniot\PrefinalDeBartolomeoFerniot.csproj", "{A9BFD687-DCA7-41C3-BEF9-666BE2C62364}"
EndProject
Project("{2150E333-8FDC-42A3-9474-1A3956D46DE8}") = "Solution Items", "Solution Items", "{CA54141B-4664-44B6-A6C4-D1C67F9E268F}"
	ProjectSection(SolutionItems) = preProject
		Cubo.cs = Cubo.cs
		Repositorio.cs = Repositorio.cs
	EndProjectSection
EndProject
Project("{FAE04EC0-301F-11D3-BF4B-00C04F79EFBC}") = "Grilla", "Grilla\Grilla.csproj", "{CEE01B61-2852-403E-BA2C-1935C4BECD48}"
EndProject
Global
	GlobalSection(SolutionConfigurationPlatforms) = preSolution
		Debug|Any CPU = Debug|Any CPU
		Release|Any CPU = Release|Any CPU
	EndGlobalSection
	GlobalSection(ProjectConfigurationPlatforms) = postSolution
		{A9BFD687-DCA7-41C3-BEF9-666BE2C62364}.Debug|Any CPU.ActiveCfg = Debug|Any CPU
		{A9BFD687-DCA7-41C3-BEF9-666BE2C62364}.Debug|Any CPU.Build.0 = Debug|Any CPU
		{A9BFD687-DCA7-41C3-BEF9-666BE2C62364}.Release|Any CPU.ActiveCfg = Release|Any CPU
		{A9BFD687-DCA7-41C3-BEF9-666BE2C62364}.Release|Any CPU.Build.0 = Release|Any CPU
		{CEE01B61-2852-403E-BA2C-1935C4BECD48}.Debug|Any CPU.ActiveCfg = Debug|Any CPU
		{CEE01B61-2852-403E-BA2C-1935C4BECD48}.Debug|Any CPU.Build.0 = Debug|Any CPU
		{CEE01B61-2852-403E-BA2C-1935C4BECD48}.Release|Any CPU.ActiveCfg = Release|Any CPU
		{CEE01B61-2852-403E-BA2C-1935C4BECD48}.Release|Any CPU.Build.0 = Release|Any CPU
	EndGlobalSection
	GlobalSection(SolutionProperties) = preSolution
		HideSolutionNode = FALSE
	EndGlobalSection
	GlobalSection(ExtensibilityGlobals) = postSolution
		SolutionGuid = {D30529AF-E576-4FFA-B002-7455F6AB7AB0}
	EndGlobalSection
EndGlobal
